// !$*UTF8*$!
{
	archiveVersion = 1;
	classes = {
	};
	objectVersion = 46;
	objects = {

/* Begin PBXBuildFile section */
		F401956219C63FC300F9E835 /* AppDelegate.swift in Sources */ = {isa = PBXBuildFile; fileRef = F401956119C63FC300F9E835 /* AppDelegate.swift */; };
		F401956419C63FC300F9E835 /* ViewController.swift in Sources */ = {isa = PBXBuildFile; fileRef = F401956319C63FC300F9E835 /* ViewController.swift */; };
		F401956719C63FC300F9E835 /* Main.storyboard in Resources */ = {isa = PBXBuildFile; fileRef = F401956519C63FC300F9E835 /* Main.storyboard */; };
		F401956919C63FC300F9E835 /* Images.xcassets in Resources */ = {isa = PBXBuildFile; fileRef = F401956819C63FC300F9E835 /* Images.xcassets */; };
		F401957519C63FC300F9E835 /* PostcardTests.swift in Sources */ = {isa = PBXBuildFile; fileRef = F401957419C63FC300F9E835 /* PostcardTests.swift */; };
/* End PBXBuildFile section */

/* Begin PBXContainerItemProxy section */
		F401956F19C63FC300F9E835 /* PBXContainerItemProxy */ = {
			isa = PBXContainerItemProxy;
			containerPortal = F401955419C63FC300F9E835 /* Project object */;
			proxyType = 1;
			remoteGlobalIDString = F401955B19C63FC300F9E835;
			remoteInfo = Postcard;
		};
/* End PBXContainerItemProxy section */

/* Begin PBXFileReference section */
		F401955C19C63FC300F9E835 /* Postcard.app */ = {isa = PBXFileReference; explicitFileType = wrapper.application; includeInIndex = 0; path = Postcard.app; sourceTree = BUILT_PRODUCTS_DIR; };
		F401956019C63FC300F9E835 /* Info.plist */ = {isa = PBXFileReference; lastKnownFileType = text.plist.xml; path = Info.plist; sourceTree = "<group>"; };
		F401956119C63FC300F9E835 /* AppDelegate.swift */ = {isa = PBXFileReference; lastKnownFileType = sourcecode.swift; path = AppDelegate.swift; sourceTree = "<group>"; };
		F401956319C63FC300F9E835 /* ViewController.swift */ = {isa = PBXFileReference; lastKnownFileType = sourcecode.swift; path = ViewController.swift; sourceTree = "<group>"; };
		F401956619C63FC300F9E835 /* Base */ = {isa = PBXFileReference; lastKnownFileType = file.storyboard; name = Base; path = Base.lproj/Main.storyboard; sourceTree = "<group>"; };
		F401956819C63FC300F9E835 /* Images.xcassets */ = {isa = PBXFileReference; lastKnownFileType = folder.assetcatalog; path = Images.xcassets; sourceTree = "<group>"; };
		F401956E19C63FC300F9E835 /* PostcardTests.xctest */ = {isa = PBXFileReference; explicitFileType = wrapper.cfbundle; includeInIndex = 0; path = PostcardTests.xctest; sourceTree = BUILT_PRODUCTS_DIR; };
		F401957319C63FC300F9E835 /* Info.plist */ = {isa = PBXFileReference; lastKnownFileType = text.plist.xml; path = Info.plist; sourceTree = "<group>"; };
		F401957419C63FC300F9E835 /* PostcardTests.swift */ = {isa = PBXFileReference; lastKnownFileType = sourcecode.swift; path = PostcardTests.swift; sourceTree = "<group>"; };
/* End PBXFileReference section */

/* Begin PBXFrameworksBuildPhase section */
		F401955919C63FC300F9E835 /* Frameworks */ = {
			isa = PBXFrameworksBuildPhase;
			buildActionMask = 2147483647;
			files = (
			);
			runOnlyForDeploymentPostprocessing = 0;
		};
		F401956B19C63FC300F9E835 /* Frameworks */ = {
			isa = PBXFrameworksBuildPhase;
			buildActionMask = 2147483647;
			files = (
			);
			runOnlyForDeploymentPostprocessing = 0;
		};
/* End PBXFrameworksBuildPhase section */

/* Begin PBXGroup section */
		F401955319C63FC300F9E835 = {
			isa = PBXGroup;
			children = (
				F401955E19C63FC300F9E835 /* Postcard */,
				F401957119C63FC300F9E835 /* PostcardTests */,
				F401955D19C63FC300F9E835 /* Products */,
			);
			sourceTree = "<group>";
		};
		F401955D19C63FC300F9E835 /* Products */ = {
			isa = PBXGroup;
			children = (
				F401955C19C63FC300F9E835 /* Postcard.app */,
				F401956E19C63FC300F9E835 /* PostcardTests.xctest */,
			);
			name = Products;
			sourceTree = "<group>";
		};
		F401955E19C63FC300F9E835 /* Postcard */ = {
			isa = PBXGroup;
			children = (
				F401956119C63FC300F9E835 /* AppDelegate.swift */,
				F401956319C63FC300F9E835 /* ViewController.swift */,
				F401956519C63FC300F9E835 /* Main.storyboard */,
				F401956819C63FC300F9E835 /* Images.xcassets */,
				F401955F19C63FC300F9E835 /* Supporting Files */,
			);
			path = Postcard;
			sourceTree = "<group>";
		};
		F401955F19C63FC300F9E835 /* Supporting Files */ = {
			isa = PBXGroup;
			children = (
				F401956019C63FC300F9E835 /* Info.plist */,
			);
			name = "Supporting Files";
			sourceTree = "<group>";
		};
		F401957119C63FC300F9E835 /* PostcardTests */ = {
			isa = PBXGroup;
			children = (
				F401957419C63FC300F9E835 /* PostcardTests.swift */,
				F401957219C63FC300F9E835 /* Supporting Files */,
			);
			path = PostcardTests;
			sourceTree = "<group>";
		};
		F401957219C63FC300F9E835 /* Supporting Files */ = {
			isa = PBXGroup;
			children = (
				F401957319C63FC300F9E835 /* Info.plist */,
			);
			name = "Supporting Files";
			sourceTree = "<group>";
		};
/* End PBXGroup section */

/* Begin PBXNativeTarget section */
		F401955B19C63FC300F9E835 /* Postcard */ = {
			isa = PBXNativeTarget;
			buildConfigurationList = F401957819C63FC300F9E835 /* Build configuration list for PBXNativeTarget "Postcard" */;
			buildPhases = (
				F401955819C63FC300F9E835 /* Sources */,
				F401955919C63FC300F9E835 /* Frameworks */,
				F401955A19C63FC300F9E835 /* Resources */,
			);
			buildRules = (
			);
			dependencies = (
			);
			name = Postcard;
			productName = Postcard;
			productReference = F401955C19C63FC300F9E835 /* Postcard.app */;
			productType = "com.apple.product-type.application";
		};
		F401956D19C63FC300F9E835 /* PostcardTests */ = {
			isa = PBXNativeTarget;
			buildConfigurationList = F401957B19C63FC300F9E835 /* Build configuration list for PBXNativeTarget "PostcardTests" */;
			buildPhases = (
				F401956A19C63FC300F9E835 /* Sources */,
				F401956B19C63FC300F9E835 /* Frameworks */,
				F401956C19C63FC300F9E835 /* Resources */,
			);
			buildRules = (
			);
			dependencies = (
				F401957019C63FC300F9E835 /* PBXTargetDependency */,
			);
			name = PostcardTests;
			productName = PostcardTests;
			productReference = F401956E19C63FC300F9E835 /* PostcardTests.xctest */;
			productType = "com.apple.product-type.bundle.unit-test";
		};
/* End PBXNativeTarget section */

/* Begin PBXProject section */
		F401955419C63FC300F9E835 /* Project object */ = {
			isa = PBXProject;
			attributes = {
				LastUpgradeCheck = 0600;
				ORGANIZATIONNAME = "Federal Fire";
				TargetAttributes = {
					F401955B19C63FC300F9E835 = {
						CreatedOnToolsVersion = 6.0;
					};
					F401956D19C63FC300F9E835 = {
						CreatedOnToolsVersion = 6.0;
						TestTargetID = F401955B19C63FC300F9E835;
					};
				};
			};
			buildConfigurationList = F401955719C63FC300F9E835 /* Build configuration list for PBXProject "Postcard" */;
			compatibilityVersion = "Xcode 3.2";
			developmentRegion = English;
			hasScannedForEncodings = 0;
			knownRegions = (
				en,
				Base,
			);
			mainGroup = F401955319C63FC300F9E835;
			productRefGroup = F401955D19C63FC300F9E835 /* Products */;
			projectDirPath = "";
			projectRoot = "";
			targets = (
				F401955B19C63FC300F9E835 /* Postcard */,
				F401956D19C63FC300F9E835 /* PostcardTests */,
			);
		};
/* End PBXProject section */

/* Begin PBXResourcesBuildPhase section */
		F401955A19C63FC300F9E835 /* Resources */ = {
			isa = PBXResourcesBuildPhase;
			buildActionMask = 2147483647;
			files = (
				F401956719C63FC300F9E835 /* Main.storyboard in Resources */,
				F401956919C63FC300F9E835 /* Images.xcassets in Resources */,
			);
			runOnlyForDeploymentPostprocessing = 0;
		};
		F401956C19C63FC300F9E835 /* Resources */ = {
			isa = PBXResourcesBuildPhase;
			buildActionMask = 2147483647;
			files = (
			);
			runOnlyForDeploymentPostprocessing = 0;
		};
/* End PBXResourcesBuildPhase section */

/* Begin PBXSourcesBuildPhase section */
		F401955819C63FC300F9E835 /* Sources */ = {
			isa = PBXSourcesBuildPhase;
			buildActionMask = 2147483647;
			files = (
				F401956419C63FC300F9E835 /* ViewController.swift in Sources */,
				F401956219C63FC300F9E835 /* AppDelegate.swift in Sources */,
			);
			runOnlyForDeploymentPostprocessing = 0;
		};
		F401956A19C63FC300F9E835 /* Sources */ = {
			isa = PBXSourcesBuildPhase;
			buildActionMask = 2147483647;
			files = (
				F401957519C63FC300F9E835 /* PostcardTests.swift in Sources */,
			);
			runOnlyForDeploymentPostprocessing = 0;
		};
/* End PBXSourcesBuildPhase section */

/* Begin PBXTargetDependency section */
		F401957019C63FC300F9E835 /* PBXTargetDependency */ = {
			isa = PBXTargetDependency;
			target = F401955B19C63FC300F9E835 /* Postcard */;
			targetProxy = F401956F19C63FC300F9E835 /* PBXContainerItemProxy */;
		};
/* End PBXTargetDependency section */

/* Begin PBXVariantGroup section */
		F401956519C63FC300F9E835 /* Main.storyboard */ = {
			isa = PBXVariantGroup;
			children = (
				F401956619C63FC300F9E835 /* Base */,
			);
			name = Main.storyboard;
			sourceTree = "<group>";
		};
/* End PBXVariantGroup section */

/* Begin XCBuildConfiguration section */
		F401957619C63FC300F9E835 /* Debug */ = {
			isa = XCBuildConfiguration;
			buildSettings = {
				ALWAYS_SEARCH_USER_PATHS = NO;
				CLANG_CXX_LANGUAGE_STANDARD = "gnu++0x";
				CLANG_CXX_LIBRARY = "libc++";
				CLANG_ENABLE_MODULES = YES;
				CLANG_ENABLE_OBJC_ARC = YES;
				CLANG_WARN_BOOL_CONVERSION = YES;
				CLANG_WARN_CONSTANT_CONVERSION = YES;
				CLANG_WARN_DIRECT_OBJC_ISA_USAGE = YES_ERROR;
				CLANG_WARN_EMPTY_BODY = YES;
				CLANG_WARN_ENUM_CONVERSION = YES;
				CLANG_WARN_INT_CONVERSION = YES;
				CLANG_WARN_OBJC_ROOT_CLASS = YES_ERROR;
				CLANG_WARN_UNREACHABLE_CODE = YES;
				CLANG_WARN__DUPLICATE_METHOD_MATCH = YES;
				"CODE_SIGN_IDENTITY[sdk=iphoneos*]" = "iPhone Developer";
				COPY_PHASE_STRIP = NO;
				ENABLE_STRICT_OBJC_MSGSEND = YES;
				GCC_C_LANGUAGE_STANDARD = gnu99;
				GCC_DYNAMIC_NO_PIC = NO;
				GCC_OPTIMIZATION_LEVEL = 0;
				GCC_PREPROCESSOR_DEFINITIONS = (
					"DEBUG=1",
					"$(inherited)",
				);
				GCC_SYMBOLS_PRIVATE_EXTERN = NO;
				GCC_WARN_64_TO_32_BIT_CONVERSION = YES;
				GCC_WARN_ABOUT_RETURN_TYPE = YES_ERROR;
				GCC_WARN_UNDECLARED_SELECTOR = YES;
				GCC_WARN_UNINITIALIZED_AUTOS = YES_AGGRESSIVE;
				GCC_WARN_UNUSED_FUNCTION = YES;
				GCC_WARN_UNUSED_VARIABLE = YES;
				IPHONEOS_DEPLOYMENT_TARGET = 8.0;
				MTL_ENABLE_DEBUG_INFO = YES;
				ONLY_ACTIVE_ARCH = YES;
				SDKROOT = iphoneos;
				SWIFT_OPTIMIZATION_LEVEL = "-Onone";
			};
			name = Debug;
		};
		F401957719C63FC300F9E835 /* Release */ = {
			isa = XCBuildConfiguration;
			buildSettings = {
				ALWAYS_SEARCH_USER_PATHS = NO;
				CLANG_CXX_LANGUAGE_STANDARD = "gnu++0x";
				CLANG_CXX_LIBRARY = "libc++";
				CLANG_ENABLE_MODULES = YES;
				CLANG_ENABLE_OBJC_ARC = YES;
				CLANG_WARN_BOOL_CONVERSION = YES;
				CLANG_WARN_CONSTANT_CONVERSION = YES;
				CLANG_WARN_DIRECT_OBJC_ISA_USAGE = YES_ERROR;
				CLANG_WARN_EMPTY_BODY = YES;
				CLANG_WARN_ENUM_CONVERSION = YES;
				CLANG_WARN_INT_CONVERSION = YES;
				CLANG_WARN_OBJC_ROOT_CLASS = YES_ERROR;
				CLANG_WARN_UNREACHABLE_CODE = YES;
				CLANG_WARN__DUPLICATE_METHOD_MATCH = YES;
				"CODE_SIGN_IDENTITY[sdk=iphoneos*]" = "iPhone Developer";
				COPY_PHASE_STRIP = YES;
				ENABLE_NS_ASSERTIONS = NO;
				ENABLE_STRICT_OBJC_MSGSEND = YES;
				GCC_C_LANGUAGE_STANDARD = gnu99;
				GCC_WARN_64_TO_32_BIT_CONVERSION = YES;
				GCC_WARN_ABOUT_RETURN_TYPE = YES_ERROR;
				GCC_WARN_UNDECLARED_SELECTOR = YES;
				GCC_WARN_UNINITIALIZED_AUTOS = YES_AGGRESSIVE;
				GCC_WARN_UNUSED_FUNCTION = YES;
				GCC_WARN_UNUSED_VARIABLE = YES;
				IPHONEOS_DEPLOYMENT_TARGET = 8.0;
				MTL_ENABLE_DEBUG_INFO = NO;
				SDKROOT = iphoneos;
				VALIDATE_PRODUCT = YES;
			};
			name = Release;
		};
		F401957919C63FC300F9E835 /* Debug */ = {
			isa = XCBuildConfiguration;
			buildSettings = {
				ASSETCATALOG_COMPILER_APPICON_NAME = AppIcon;
				ASSETCATALOG_COMPILER_LAUNCHIMAGE_NAME = LaunchImage;
				INFOPLIST_FILE = Postcard/Info.plist;
				LD_RUNPATH_SEARCH_PATHS = "$(inherited) @executable_path/Frameworks";
				PRODUCT_NAME = "$(TARGET_NAME)";
			};
			name = Debug;
		};
		F401957A19C63FC300F9E835 /* Release */ = {
			isa = XCBuildConfiguration;
			buildSettings = {
				ASSETCATALOG_COMPILER_APPICON_NAME = AppIcon;
				ASSETCATALOG_COMPILER_LAUNCHIMAGE_NAME = LaunchImage;
				INFOPLIST_FILE = Postcard/Info.plist;
				LD_RUNPATH_SEARCH_PATHS = "$(inherited) @executable_path/Frameworks";
				PRODUCT_NAME = "$(TARGET_NAME)";
			};
			name = Release;
		};
		F401957C19C63FC300F9E835 /* Debug */ = {
			isa = XCBuildConfiguration;
			buildSettings = {
				BUNDLE_LOADER = "$(BUILT_PRODUCTS_DIR)/Postcard.app/Postcard";
				FRAMEWORK_SEARCH_PATHS = (
					"$(SDKROOT)/Developer/Library/Frameworks",
					"$(inherited)",
				);
				GCC_PREPROCESSOR_DEFINITIONS = (
					"DEBUG=1",
					"$(inherited)",
				);
				INFOPLIST_FILE = PostcardTests/Info.plist;
				LD_RUNPATH_SEARCH_PATHS = "$(inherited) @executable_path/Frameworks @loader_path/Frameworks";
				PRODUCT_NAME = "$(TARGET_NAME)";
				TEST_HOST = "$(BUNDLE_LOADER)";
			};
			name = Debug;
		};
		F401957D19C63FC300F9E835 /* Release */ = {
			isa = XCBuildConfiguration;
			buildSettings = {
				BUNDLE_LOADER = "$(BUILT_PRODUCTS_DIR)/Postcard.app/Postcard";
				FRAMEWORK_SEARCH_PATHS = (
					"$(SDKROOT)/Developer/Library/Frameworks",
					"$(inherited)",
				);
				INFOPLIST_FILE = PostcardTests/Info.plist;
				LD_RUNPATH_SEARCH_PATHS = "$(inherited) @executable_path/Frameworks @loader_path/Frameworks";
				PRODUCT_NAME = "$(TARGET_NAME)";
				TEST_HOST = "$(BUNDLE_LOADER)";
			};
			name = Release;
		};
/* End XCBuildConfiguration section */

/* Begin XCConfigurationList section */
		F401955719C63FC300F9E835 /* Build configuration list for PBXProject "Postcard" */ = {
			isa = XCConfigurationList;
			buildConfigurations = (
				F401957619C63FC300F9E835 /* Debug */,
				F401957719C63FC300F9E835 /* Release */,
			);
			defaultConfigurationIsVisible = 0;
			defaultConfigurationName = Release;
		};
		F401957819C63FC300F9E835 /* Build configuration list for PBXNativeTarget "Postcard" */ = {
			isa = XCConfigurationList;
			buildConfigurations = (
				F401957919C63FC300F9E835 /* Debug */,
				F401957A19C63FC300F9E835 /* Release */,
			);
			defaultConfigurationIsVisible = 0;
		};
		F401957B19C63FC300F9E835 /* Build configuration list for PBXNativeTarget "PostcardTests" */ = {
			isa = XCConfigurationList;
			buildConfigurations = (
				F401957C19C63FC300F9E835 /* Debug */,
				F401957D19C63FC300F9E835 /* Release */,
			);
			defaultConfigurationIsVisible = 0;
		};
/* End XCConfigurationList section */
	};
	rootObject = F401955419C63FC300F9E835 /* Project object */;
}
